{
  "name": "enroll",
  "version": "1.0.0",
  "lockfileVersion": 1,
  "requires": true,
  "dependencies": {
    "bootstrap": {
      "version": "3.4.1",
      "resolved": "https://registry.npmjs.org/bootstrap/-/bootstrap-3.4.1.tgz",
      "integrity": "sha512-yN5oZVmRCwe5aKwzRj6736nSmKDX7pLYwsXiCj/EYmo16hODaBiT4En5btW/jhBF/seV+XMx3aYwukYC3A49DA=="
    },
    "bootstrap-notify": {
      "version": "github:mouse0270/bootstrap-notify#d52c64fe1c320a6fe382874318edd00ff714abf6",
      "from": "github:mouse0270/bootstrap-notify"
    },
    "filepond": {
      "version": "4.3.9",
      "resolved": "https://registry.npmjs.org/filepond/-/filepond-4.3.9.tgz",
      "integrity": "sha512-8YczU7VRRx12PrR6iHc5r090+ONqIIkpFFB4uTBVi8xIIaW0++PQjp9z+rAYVCHQCoGE6rL/i1dLQ4oMDvpuEA=="
    },
    "jquery": {
      "version": "1.12.4",
      "resolved": "https://registry.npmjs.org/jquery/-/jquery-1.12.4.tgz",
      "integrity": "sha1-AeHfuikP5z3rp3zurLD5ui/sngw="
    },
    "jquery-filepond": {
      "version": "1.0.0",
      "resolved": "https://registry.npmjs.org/jquery-filepond/-/jquery-filepond-1.0.0.tgz",
      "integrity": "sha512-ONxFHUsDMfkHFhVn+GwE8XtEFE3WhSNun5+h3KxW1RiVs2pnnkO/3WvQ+IjnLP4ywVkzEgkNXJaguxPH4Wz3aw=="
    },
    "x-editable": {
      "version": "1.5.1",
      "resolved": "https://registry.npmjs.org/x-editable/-/x-editable-1.5.1.tgz",
      "integrity": "sha1-Ltu4kR7yxdYfY/BrDPAgvg/MWEk="
    }
  }
}
